// !$*UTF8*$!
{
	archiveVersion = 1;
	classes = {
	};
	objectVersion = 48;
	objects = {

/* Begin PBXBuildFile section */
		B15F70B3208DA54F003D57E0 /* AppDelegate.m in Sources */ = {isa = PBXBuildFile; fileRef = B15F70B2208DA54F003D57E0 /* AppDelegate.m */; };
		B15F70B6208DA54F003D57E0 /* ViewController.m in Sources */ = {isa = PBXBuildFile; fileRef = B15F70B5208DA54F003D57E0 /* ViewController.m */; };
		B15F70B9208DA54F003D57E0 /* Main.storyboard in Resources */ = {isa = PBXBuildFile; fileRef = B15F70B7208DA54F003D57E0 /* Main.storyboard */; };
		B15F70BB208DA54F003D57E0 /* Assets.xcassets in Resources */ = {isa = PBXBuildFile; fileRef = B15F70BA208DA54F003D57E0 /* Assets.xcassets */; };
		B15F70BE208DA54F003D57E0 /* LaunchScreen.storyboard in Resources */ = {isa = PBXBuildFile; fileRef = B15F70BC208DA54F003D57E0 /* LaunchScreen.storyboard */; };
		B15F70C1208DA54F003D57E0 /* main.m in Sources */ = {isa = PBXBuildFile; fileRef = B15F70C0208DA54F003D57E0 /* main.m */; };
		B15F70CB208DB07E003D57E0 /* DynamicMethodTheory.m in Sources */ = {isa = PBXBuildFile; fileRef = B15F70C9208DB07E003D57E0 /* DynamicMethodTheory.m */; };
		B15F70CC208DB07E003D57E0 /* DynamicMethodTheory.xib in Resources */ = {isa = PBXBuildFile; fileRef = B15F70CA208DB07E003D57E0 /* DynamicMethodTheory.xib */; };
		B15F70D0208DB477003D57E0 /* BackupReciver.m in Sources */ = {isa = PBXBuildFile; fileRef = B15F70CE208DB477003D57E0 /* BackupReciver.m */; };
		B15F70D1208DB477003D57E0 /* BackupReciver.xib in Resources */ = {isa = PBXBuildFile; fileRef = B15F70CF208DB477003D57E0 /* BackupReciver.xib */; };
		B15F70D4208DB57E003D57E0 /* Person.m in Sources */ = {isa = PBXBuildFile; fileRef = B15F70D3208DB57E003D57E0 /* Person.m */; };
		B15F70D8208DB945003D57E0 /* MessageDistribution.m in Sources */ = {isa = PBXBuildFile; fileRef = B15F70D6208DB945003D57E0 /* MessageDistribution.m */; };
		B15F70D9208DB945003D57E0 /* MessageDistribution.xib in Resources */ = {isa = PBXBuildFile; fileRef = B15F70D7208DB945003D57E0 /* MessageDistribution.xib */; };
		B15F70DD208DCDC4003D57E0 /* AssociatedObjects.m in Sources */ = {isa = PBXBuildFile; fileRef = B15F70DB208DCDC4003D57E0 /* AssociatedObjects.m */; };
		B15F70DE208DCDC4003D57E0 /* AssociatedObjects.xib in Resources */ = {isa = PBXBuildFile; fileRef = B15F70DC208DCDC4003D57E0 /* AssociatedObjects.xib */; };
		B15F70E1208DD012003D57E0 /* UIView+DefaultColor.m in Sources */ = {isa = PBXBuildFile; fileRef = B15F70E0208DD012003D57E0 /* UIView+DefaultColor.m */; };
		B15F70E5208DD45D003D57E0 /* MethodSwizzling.m in Sources */ = {isa = PBXBuildFile; fileRef = B15F70E3208DD45D003D57E0 /* MethodSwizzling.m */; };
		B15F70E6208DD45D003D57E0 /* MethodSwizzling.xib in Resources */ = {isa = PBXBuildFile; fileRef = B15F70E4208DD45D003D57E0 /* MethodSwizzling.xib */; };
		B15F70EC208DD508003D57E0 /* UIViewController+LifeCycleTracking.m in Sources */ = {isa = PBXBuildFile; fileRef = B15F70EA208DD508003D57E0 /* UIViewController+LifeCycleTracking.m */; };
/* End PBXBuildFile section */

/* Begin PBXFileReference section */
		B15F70AE208DA54F003D57E0 /* RuntimeDemo.app */ = {isa = PBXFileReference; explicitFileType = wrapper.application; includeInIndex = 0; path = RuntimeDemo.app; sourceTree = BUILT_PRODUCTS_DIR; };
		B15F70B1208DA54F003D57E0 /* AppDelegate.h */ = {isa = PBXFileReference; lastKnownFileType = sourcecode.c.h; path = AppDelegate.h; sourceTree = "<group>"; };
		B15F70B2208DA54F003D57E0 /* AppDelegate.m */ = {isa = PBXFileReference; lastKnownFileType = sourcecode.c.objc; path = AppDelegate.m; sourceTree = "<group>"; };
		B15F70B4208DA54F003D57E0 /* ViewController.h */ = {isa = PBXFileReference; lastKnownFileType = sourcecode.c.h; path = ViewController.h; sourceTree = "<group>"; };
		B15F70B5208DA54F003D57E0 /* ViewController.m */ = {isa = PBXFileReference; lastKnownFileType = sourcecode.c.objc; path = ViewController.m; sourceTree = "<group>"; };
		B15F70B8208DA54F003D57E0 /* Base */ = {isa = PBXFileReference; lastKnownFileType = file.storyboard; name = Base; path = Base.lproj/Main.storyboard; sourceTree = "<group>"; };
		B15F70BA208DA54F003D57E0 /* Assets.xcassets */ = {isa = PBXFileReference; lastKnownFileType = folder.assetcatalog; path = Assets.xcassets; sourceTree = "<group>"; };
		B15F70BD208DA54F003D57E0 /* Base */ = {isa = PBXFileReference; lastKnownFileType = file.storyboard; name = Base; path = Base.lproj/LaunchScreen.storyboard; sourceTree = "<group>"; };
		B15F70BF208DA54F003D57E0 /* Info.plist */ = {isa = PBXFileReference; lastKnownFileType = text.plist.xml; path = Info.plist; sourceTree = "<group>"; };
		B15F70C0208DA54F003D57E0 /* main.m */ = {isa = PBXFileReference; lastKnownFileType = sourcecode.c.objc; path = main.m; sourceTree = "<group>"; };
		B15F70C8208DB07E003D57E0 /* DynamicMethodTheory.h */ = {isa = PBXFileReference; lastKnownFileType = sourcecode.c.h; path = DynamicMethodTheory.h; sourceTree = "<group>"; };
		B15F70C9208DB07E003D57E0 /* DynamicMethodTheory.m */ = {isa = PBXFileReference; lastKnownFileType = sourcecode.c.objc; path = DynamicMethodTheory.m; sourceTree = "<group>"; };
		B15F70CA208DB07E003D57E0 /* DynamicMethodTheory.xib */ = {isa = PBXFileReference; lastKnownFileType = file.xib; path = DynamicMethodTheory.xib; sourceTree = "<group>"; };
		B15F70CD208DB477003D57E0 /* BackupReciver.h */ = {isa = PBXFileReference; lastKnownFileType = sourcecode.c.h; path = BackupReciver.h; sourceTree = "<group>"; };
		B15F70CE208DB477003D57E0 /* BackupReciver.m */ = {isa = PBXFileReference; lastKnownFileType = sourcecode.c.objc; path = BackupReciver.m; sourceTree = "<group>"; };
		B15F70CF208DB477003D57E0 /* BackupReciver.xib */ = {isa = PBXFileReference; lastKnownFileType = file.xib; path = BackupReciver.xib; sourceTree = "<group>"; };
		B15F70D2208DB57E003D57E0 /* Person.h */ = {isa = PBXFileReference; lastKnownFileType = sourcecode.c.h; path = Person.h; sourceTree = "<group>"; };
		B15F70D3208DB57E003D57E0 /* Person.m */ = {isa = PBXFileReference; lastKnownFileType = sourcecode.c.objc; path = Person.m; sourceTree = "<group>"; };
		B15F70D5208DB945003D57E0 /* MessageDistribution.h */ = {isa = PBXFileReference; lastKnownFileType = sourcecode.c.h; path = MessageDistribution.h; sourceTree = "<group>"; };
		B15F70D6208DB945003D57E0 /* MessageDistribution.m */ = {isa = PBXFileReference; lastKnownFileType = sourcecode.c.objc; path = MessageDistribution.m; sourceTree = "<group>"; };
		B15F70D7208DB945003D57E0 /* MessageDistribution.xib */ = {isa = PBXFileReference; lastKnownFileType = file.xib; path = MessageDistribution.xib; sourceTree = "<group>"; };
		B15F70DA208DCDC4003D57E0 /* AssociatedObjects.h */ = {isa = PBXFileReference; lastKnownFileType = sourcecode.c.h; path = AssociatedObjects.h; sourceTree = "<group>"; };
		B15F70DB208DCDC4003D57E0 /* AssociatedObjects.m */ = {isa = PBXFileReference; lastKnownFileType = sourcecode.c.objc; path = AssociatedObjects.m; sourceTree = "<group>"; };
		B15F70DC208DCDC4003D57E0 /* AssociatedObjects.xib */ = {isa = PBXFileReference; lastKnownFileType = file.xib; path = AssociatedObjects.xib; sourceTree = "<group>"; };
		B15F70DF208DD012003D57E0 /* UIView+DefaultColor.h */ = {isa = PBXFileReference; lastKnownFileType = sourcecode.c.h; path = "UIView+DefaultColor.h"; sourceTree = "<group>"; };
		B15F70E0208DD012003D57E0 /* UIView+DefaultColor.m */ = {isa = PBXFileReference; lastKnownFileType = sourcecode.c.objc; path = "UIView+DefaultColor.m"; sourceTree = "<group>"; };
		B15F70E2208DD45D003D57E0 /* MethodSwizzling.h */ = {isa = PBXFileReference; lastKnownFileType = sourcecode.c.h; path = MethodSwizzling.h; sourceTree = "<group>"; };
		B15F70E3208DD45D003D57E0 /* MethodSwizzling.m */ = {isa = PBXFileReference; lastKnownFileType = sourcecode.c.objc; path = MethodSwizzling.m; sourceTree = "<group>"; };
		B15F70E4208DD45D003D57E0 /* MethodSwizzling.xib */ = {isa = PBXFileReference; lastKnownFileType = file.xib; path = MethodSwizzling.xib; sourceTree = "<group>"; };
		B15F70E9208DD508003D57E0 /* UIViewController+LifeCycleTracking.h */ = {isa = PBXFileReference; fileEncoding = 4; lastKnownFileType = sourcecode.c.h; path = "UIViewController+LifeCycleTracking.h"; sourceTree = "<group>"; };
		B15F70EA208DD508003D57E0 /* UIViewController+LifeCycleTracking.m */ = {isa = PBXFileReference; fileEncoding = 4; lastKnownFileType = sourcecode.c.objc; path = "UIViewController+LifeCycleTracking.m"; sourceTree = "<group>"; };
/* End PBXFileReference section */

/* Begin PBXFrameworksBuildPhase section */
		B15F70AB208DA54F003D57E0 /* Frameworks */ = {
			isa = PBXFrameworksBuildPhase;
			buildActionMask = 2147483647;
			files = (
			);
			runOnlyForDeploymentPostprocessing = 0;
		};
/* End PBXFrameworksBuildPhase section */

/* Begin PBXGroup section */
		B15F70A5208DA54F003D57E0 = {
			isa = PBXGroup;
			children = (
				B15F70B0208DA54F003D57E0 /* RuntimeDemo */,
				B15F70AF208DA54F003D57E0 /* Products */,
			);
			sourceTree = "<group>";
		};
		B15F70AF208DA54F003D57E0 /* Products */ = {
			isa = PBXGroup;
			children = (
				B15F70AE208DA54F003D57E0 /* RuntimeDemo.app */,
			);
			name = Products;
			sourceTree = "<group>";
		};
		B15F70B0208DA54F003D57E0 /* RuntimeDemo */ = {
			isa = PBXGroup;
			children = (
				B15F70C7208DB02E003D57E0 /* Classes */,
				B15F70B1208DA54F003D57E0 /* AppDelegate.h */,
				B15F70B2208DA54F003D57E0 /* AppDelegate.m */,
				B15F70B4208DA54F003D57E0 /* ViewController.h */,
				B15F70B5208DA54F003D57E0 /* ViewController.m */,
				B15F70B7208DA54F003D57E0 /* Main.storyboard */,
				B15F70BA208DA54F003D57E0 /* Assets.xcassets */,
				B15F70BC208DA54F003D57E0 /* LaunchScreen.storyboard */,
				B15F70BF208DA54F003D57E0 /* Info.plist */,
				B15F70C0208DA54F003D57E0 /* main.m */,
			);
			path = RuntimeDemo;
			sourceTree = "<group>";
		};
		B15F70C7208DB02E003D57E0 /* Classes */ = {
			isa = PBXGroup;
			children = (
				B15F70E9208DD508003D57E0 /* UIViewController+LifeCycleTracking.h */,
				B15F70EA208DD508003D57E0 /* UIViewController+LifeCycleTracking.m */,
				B15F70E2208DD45D003D57E0 /* MethodSwizzling.h */,
				B15F70E3208DD45D003D57E0 /* MethodSwizzling.m */,
				B15F70E4208DD45D003D57E0 /* MethodSwizzling.xib */,
				B15F70DA208DCDC4003D57E0 /* AssociatedObjects.h */,
				B15F70DB208DCDC4003D57E0 /* AssociatedObjects.m */,
				B15F70DC208DCDC4003D57E0 /* AssociatedObjects.xib */,
				B15F70D5208DB945003D57E0 /* MessageDistribution.h */,
				B15F70D6208DB945003D57E0 /* MessageDistribution.m */,
				B15F70D7208DB945003D57E0 /* MessageDistribution.xib */,
				B15F70C8208DB07E003D57E0 /* DynamicMethodTheory.h */,
				B15F70C9208DB07E003D57E0 /* DynamicMethodTheory.m */,
				B15F70CA208DB07E003D57E0 /* DynamicMethodTheory.xib */,
				B15F70CD208DB477003D57E0 /* BackupReciver.h */,
				B15F70CE208DB477003D57E0 /* BackupReciver.m */,
				B15F70CF208DB477003D57E0 /* BackupReciver.xib */,
				B15F70D2208DB57E003D57E0 /* Person.h */,
				B15F70D3208DB57E003D57E0 /* Person.m */,
				B15F70DF208DD012003D57E0 /* UIView+DefaultColor.h */,
				B15F70E0208DD012003D57E0 /* UIView+DefaultColor.m */,
			);
			path = Classes;
			sourceTree = "<group>";
		};
/* End PBXGroup section */

/* Begin PBXNativeTarget section */
		B15F70AD208DA54F003D57E0 /* RuntimeDemo */ = {
			isa = PBXNativeTarget;
			buildConfigurationList = B15F70C4208DA54F003D57E0 /* Build configuration list for PBXNativeTarget "RuntimeDemo" */;
			buildPhases = (
				B15F70AA208DA54F003D57E0 /* Sources */,
				B15F70AB208DA54F003D57E0 /* Frameworks */,
				B15F70AC208DA54F003D57E0 /* Resources */,
			);
			buildRules = (
			);
			dependencies = (
			);
			name = RuntimeDemo;
			productName = RuntimeDemo;
			productReference = B15F70AE208DA54F003D57E0 /* RuntimeDemo.app */;
			productType = "com.apple.product-type.application";
		};
/* End PBXNativeTarget section */

/* Begin PBXProject section */
		B15F70A6208DA54F003D57E0 /* Project object */ = {
			isa = PBXProject;
			attributes = {
				LastUpgradeCheck = 0920;
				ORGANIZATIONNAME = fangyukui;
				TargetAttributes = {
					B15F70AD208DA54F003D57E0 = {
						CreatedOnToolsVersion = 9.2;
						ProvisioningStyle = Automatic;
					};
				};
			};
			buildConfigurationList = B15F70A9208DA54F003D57E0 /* Build configuration list for PBXProject "RuntimeDemo" */;
			compatibilityVersion = "Xcode 8.0";
			developmentRegion = en;
			hasScannedForEncodings = 0;
			knownRegions = (
				en,
				Base,
			);
			mainGroup = B15F70A5208DA54F003D57E0;
			productRefGroup = B15F70AF208DA54F003D57E0 /* Products */;
			projectDirPath = "";
			projectRoot = "";
			targets = (
				B15F70AD208DA54F003D57E0 /* RuntimeDemo */,
			);
		};
/* End PBXProject section */

/* Begin PBXResourcesBuildPhase section */
		B15F70AC208DA54F003D57E0 /* Resources */ = {
			isa = PBXResourcesBuildPhase;
			buildActionMask = 2147483647;
			files = (
				B15F70DE208DCDC4003D57E0 /* AssociatedObjects.xib in Resources */,
				B15F70BE208DA54F003D57E0 /* LaunchScreen.storyboard in Resources */,
				B15F70D9208DB945003D57E0 /* MessageDistribution.xib in Resources */,
				B15F70CC208DB07E003D57E0 /* DynamicMethodTheory.xib in Resources */,
				B15F70BB208DA54F003D57E0 /* Assets.xcassets in Resources */,
				B15F70D1208DB477003D57E0 /* BackupReciver.xib in Resources */,
				B15F70E6208DD45D003D57E0 /* MethodSwizzling.xib in Resources */,
				B15F70B9208DA54F003D57E0 /* Main.storyboard in Resources */,
			);
			runOnlyForDeploymentPostprocessing = 0;
		};
/* End PBXResourcesBuildPhase section */

/* Begin PBXSourcesBuildPhase section */
		B15F70AA208DA54F003D57E0 /* Sources */ = {
			isa = PBXSourcesBuildPhase;
			buildActionMask = 2147483647;
			files = (
				B15F70E1208DD012003D57E0 /* UIView+DefaultColor.m in Sources */,
				B15F70DD208DCDC4003D57E0 /* AssociatedObjects.m in Sources */,
				B15F70E5208DD45D003D57E0 /* MethodSwizzling.m in Sources */,
				B15F70D4208DB57E003D57E0 /* Person.m in Sources */,
				B15F70B6208DA54F003D57E0 /* ViewController.m in Sources */,
				B15F70CB208DB07E003D57E0 /* DynamicMethodTheory.m in Sources */,
				B15F70C1208DA54F003D57E0 /* main.m in Sources */,
				B15F70D0208DB477003D57E0 /* BackupReciver.m in Sources */,
				B15F70D8208DB945003D57E0 /* MessageDistribution.m in Sources */,
				B15F70EC208DD508003D57E0 /* UIViewController+LifeCycleTracking.m in Sources */,
				B15F70B3208DA54F003D57E0 /* AppDelegate.m in Sources */,
			);
			runOnlyForDeploymentPostprocessing = 0;
		};
/* End PBXSourcesBuildPhase section */

/* Begin PBXVariantGroup section */
		B15F70B7208DA54F003D57E0 /* Main.storyboard */ = {
			isa = PBXVariantGroup;
			children = (
				B15F70B8208DA54F003D57E0 /* Base */,
			);
			name = Main.storyboard;
			sourceTree = "<group>";
		};
		B15F70BC208DA54F003D57E0 /* LaunchScreen.storyboard */ = {
			isa = PBXVariantGroup;
			children = (
				B15F70BD208DA54F003D57E0 /* Base */,
			);
			name = LaunchScreen.storyboard;
			sourceTree = "<group>";
		};
/* End PBXVariantGroup section */

/* Begin XCBuildConfiguration section */
		B15F70C2208DA54F003D57E0 /* Debug */ = {
			isa = XCBuildConfiguration;
			buildSettings = {
				ALWAYS_SEARCH_USER_PATHS = NO;
				CLANG_ANALYZER_NONNULL = YES;
				CLANG_ANALYZER_NUMBER_OBJECT_CONVERSION = YES_AGGRESSIVE;
				CLANG_CXX_LANGUAGE_STANDARD = "gnu++14";
				CLANG_CXX_LIBRARY = "libc++";
				CLANG_ENABLE_MODULES = YES;
				CLANG_ENABLE_OBJC_ARC = YES;
				CLANG_WARN_BLOCK_CAPTURE_AUTORELEASING = YES;
				CLANG_WARN_BOOL_CONVERSION = YES;
				CLANG_WARN_COMMA = YES;
				CLANG_WARN_CONSTANT_CONVERSION = YES;
				CLANG_WARN_DIRECT_OBJC_ISA_USAGE = YES_ERROR;
				CLANG_WARN_DOCUMENTATION_COMMENTS = YES;
				CLANG_WARN_EMPTY_BODY = YES;
				CLANG_WARN_ENUM_CONVERSION = YES;
				CLANG_WARN_INFINITE_RECURSION = YES;
				CLANG_WARN_INT_CONVERSION = YES;
				CLANG_WARN_NON_LITERAL_NULL_CONVERSION = YES;
				CLANG_WARN_OBJC_LITERAL_CONVERSION = YES;
				CLANG_WARN_OBJC_ROOT_CLASS = YES_ERROR;
				CLANG_WARN_RANGE_LOOP_ANALYSIS = YES;
				CLANG_WARN_STRICT_PROTOTYPES = YES;
				CLANG_WARN_SUSPICIOUS_MOVE = YES;
				CLANG_WARN_UNGUARDED_AVAILABILITY = YES_AGGRESSIVE;
				CLANG_WARN_UNREACHABLE_CODE = YES;
				CLANG_WARN__DUPLICATE_METHOD_MATCH = YES;
				CODE_SIGN_IDENTITY = "iPhone Developer";
				COPY_PHASE_STRIP = NO;
				DEBUG_INFORMATION_FORMAT = dwarf;
				ENABLE_STRICT_OBJC_MSGSEND = YES;
				ENABLE_TESTABILITY = YES;
				GCC_C_LANGUAGE_STANDARD = gnu11;
				GCC_DYNAMIC_NO_PIC = NO;
				GCC_NO_COMMON_BLOCKS = YES;
				GCC_OPTIMIZATION_LEVEL = 0;
				GCC_PREPROCESSOR_DEFINITIONS = (
					"DEBUG=1",
					"$(inherited)",
				);
				GCC_WARN_64_TO_32_BIT_CONVERSION = YES;
				GCC_WARN_ABOUT_RETURN_TYPE = YES_ERROR;
				GCC_WARN_UNDECLARED_SELECTOR = YES;
				GCC_WARN_UNINITIALIZED_AUTOS = YES_AGGRESSIVE;
				GCC_WARN_UNUSED_FUNCTION = YES;
				GCC_WARN_UNUSED_VARIABLE = YES;
				IPHONEOS_DEPLOYMENT_TARGET = 11.2;
				MTL_ENABLE_DEBUG_INFO = YES;
				ONLY_ACTIVE_ARCH = YES;
				SDKROOT = iphoneos;
			};
			name = Debug;
		};
		B15F70C3208DA54F003D57E0 /* Release */ = {
			isa = XCBuildConfiguration;
			buildSettings = {
				ALWAYS_SEARCH_USER_PATHS = NO;
				CLANG_ANALYZER_NONNULL = YES;
				CLANG_ANALYZER_NUMBER_OBJECT_CONVERSION = YES_AGGRESSIVE;
				CLANG_CXX_LANGUAGE_STANDARD = "gnu++14";
				CLANG_CXX_LIBRARY = "libc++";
				CLANG_ENABLE_MODULES = YES;
				CLANG_ENABLE_OBJC_ARC = YES;
				CLANG_WARN_BLOCK_CAPTURE_AUTORELEASING = YES;
				CLANG_WARN_BOOL_CONVERSION = YES;
				CLANG_WARN_COMMA = YES;
				CLANG_WARN_CONSTANT_CONVERSION = YES;
				CLANG_WARN_DIRECT_OBJC_ISA_USAGE = YES_ERROR;
				CLANG_WARN_DOCUMENTATION_COMMENTS = YES;
				CLANG_WARN_EMPTY_BODY = YES;
				CLANG_WARN_ENUM_CONVERSION = YES;
				CLANG_WARN_INFINITE_RECURSION = YES;
				CLANG_WARN_INT_CONVERSION = YES;
				CLANG_WARN_NON_LITERAL_NULL_CONVERSION = YES;
				CLANG_WARN_OBJC_LITERAL_CONVERSION = YES;
				CLANG_WARN_OBJC_ROOT_CLASS = YES_ERROR;
				CLANG_WARN_RANGE_LOOP_ANALYSIS = YES;
				CLANG_WARN_STRICT_PROTOTYPES = YES;
				CLANG_WARN_SUSPICIOUS_MOVE = YES;
				CLANG_WARN_UNGUARDED_AVAILABILITY = YES_AGGRESSIVE;
				CLANG_WARN_UNREACHABLE_CODE = YES;
				CLANG_WARN__DUPLICATE_METHOD_MATCH = YES;
				CODE_SIGN_IDENTITY = "iPhone Developer";
				COPY_PHASE_STRIP = NO;
				DEBUG_INFORMATION_FORMAT = "dwarf-with-dsym";
				ENABLE_NS_ASSERTIONS = NO;
				ENABLE_STRICT_OBJC_MSGSEND = YES;
				GCC_C_LANGUAGE_STANDARD = gnu11;
				GCC_NO_COMMON_BLOCKS = YES;
				GCC_WARN_64_TO_32_BIT_CONVERSION = YES;
				GCC_WARN_ABOUT_RETURN_TYPE = YES_ERROR;
				GCC_WARN_UNDECLARED_SELECTOR = YES;
				GCC_WARN_UNINITIALIZED_AUTOS = YES_AGGRESSIVE;
				GCC_WARN_UNUSED_FUNCTION = YES;
				GCC_WARN_UNUSED_VARIABLE = YES;
				IPHONEOS_DEPLOYMENT_TARGET = 11.2;
				MTL_ENABLE_DEBUG_INFO = NO;
				SDKROOT = iphoneos;
				VALIDATE_PRODUCT = YES;
			};
			name = Release;
		};
		B15F70C5208DA54F003D57E0 /* Debug */ = {
			isa = XCBuildConfiguration;
			buildSettings = {
				ASSETCATALOG_COMPILER_APPICON_NAME = AppIcon;
				CODE_SIGN_STYLE = Automatic;
				INFOPLIST_FILE = RuntimeDemo/Info.plist;
				LD_RUNPATH_SEARCH_PATHS = "$(inherited) @executable_path/Frameworks";
				PRODUCT_BUNDLE_IDENTIFIER = yukui.fang.RuntimeDemo;
				PRODUCT_NAME = "$(TARGET_NAME)";
				TARGETED_DEVICE_FAMILY = "1,2";
			};
			name = Debug;
		};
		B15F70C6208DA54F003D57E0 /* Release */ = {
			isa = XCBuildConfiguration;
			buildSettings = {
				ASSETCATALOG_COMPILER_APPICON_NAME = AppIcon;
				CODE_SIGN_STYLE = Automatic;
				INFOPLIST_FILE = RuntimeDemo/Info.plist;
				LD_RUNPATH_SEARCH_PATHS = "$(inherited) @executable_path/Frameworks";
				PRODUCT_BUNDLE_IDENTIFIER = yukui.fang.RuntimeDemo;
				PRODUCT_NAME = "$(TARGET_NAME)";
				TARGETED_DEVICE_FAMILY = "1,2";
			};
			name = Release;
		};
/* End XCBuildConfiguration section */

/* Begin XCConfigurationList section */
		B15F70A9208DA54F003D57E0 /* Build configuration list for PBXProject "RuntimeDemo" */ = {
			isa = XCConfigurationList;
			buildConfigurations = (
				B15F70C2208DA54F003D57E0 /* Debug */,
				B15F70C3208DA54F003D57E0 /* Release */,
			);
			defaultConfigurationIsVisible = 0;
			defaultConfigurationName = Release;
		};
		B15F70C4208DA54F003D57E0 /* Build configuration list for PBXNativeTarget "RuntimeDemo" */ = {
			isa = XCConfigurationList;
			buildConfigurations = (
				B15F70C5208DA54F003D57E0 /* Debug */,
				B15F70C6208DA54F003D57E0 /* Release */,
			);
			defaultConfigurationIsVisible = 0;
			defaultConfigurationName = Release;
		};
/* End XCConfigurationList section */
	};
	rootObject = B15F70A6208DA54F003D57E0 /* Project object */;
}
